<?xml version="1.0" encoding="utf-8"?>
<Project ToolsVersion="4.0" xmlns="http://schemas.microsoft.com/developer/msbuild/2003">
  <ItemGroup>
    <ClCompile Include="DummyHookProc.c">
      <Filter>Source</Filter>
    </ClCompile>
    <ClCompile Include="FakeLogManager.cpp">
      <Filter>Source</Filter>
    </ClCompile>
    <ClCompile Include="Main.c">
      <Filter>Source</Filter>
    </ClCompile>
  </ItemGroup>
  <ItemGroup>
    <ClInclude Include="VMP.h" />
    <ClInclude Include="..\Shared\VMP.h">
      <Filter>Header</Filter>
    </ClInclude>
    <ClInclude Include="..\Shared\dbgout.h">
      <Filter>Header\Util</Filter>
    </ClInclude>
    <ClInclude Include="EsPatchLoader.h">
      <Filter>Header\Util</Filter>
    </ClInclude>
  </ItemGroup>
  <ItemGroup>
    <None Include="Source.def" />
  </ItemGroup>
  <ItemGroup>
    <Filter Include="Header">
      <UniqueIdentifier>{91db1ba8-89e5-4794-aecb-821f4cd72e97}</UniqueIdentifier>
    </Filter>
    <Filter Include="Header\Util">
      <UniqueIdentifier>{60390199-182c-48ec-92ed-c5db3b8cbd70}</UniqueIdentifier>
    </Filter>
    <Filter Include="Source">
      <UniqueIdentifier>{3705fcc8-7418-49f5-bb04-3c1279175f24}</UniqueIdentifier>
    </Filter>
  </ItemGroup>
</Project>